
Microsoft Visual Studio Solution File, Format Version 12.00
Project("{FAE04EC0-301F-11D3-BF4B-00C04F79EFBC}") = "AddWithThreads", "AddWithThreads\AddWithThreads.csproj", "{DB6B643C-568D-4DFE-AF59-80EA18AC386C}"
EndProject
Project("{FAE04EC0-301F-11D3-BF4B-00C04F79EFBC}") = "TimerApp", "TimerApp\TimerApp.csproj", "{F13B16BE-0670-40F4-9292-009AAAFB998C}"
EndProject
Project("{FAE04EC0-301F-11D3-BF4B-00C04F79EFBC}") = "MultiThreadedPrinting", "MultiThreadedPrinting\MultiThreadedPrinting.csproj", "{26140C84-02AE-4839-937F-9292E1815064}"
EndProject
Project("{FAE04EC0-301F-11D3-BF4B-00C04F79EFBC}") = "ThreadpoolPrinting", "ThreadpoolPrinting\ThreadpoolPrinting.csproj", "{DD4381B2-865D-47EF-8A04-6B2934B383E4}"
EndProject
Project("{FAE04EC0-301F-11D3-BF4B-00C04F79EFBC}") = "DataParallelismWithForEach", "DataParallelismWithForEach\DataParallelismWithForEach.csproj", "{1D1EE936-64AA-4B14-ACC4-15F5EEA2BF1D}"
EndProject
Project("{FAE04EC0-301F-11D3-BF4B-00C04F79EFBC}") = "DataParallelismWithForEachCore", "DataParallelismWithForEachCore\DataParallelismWithForEachCore.csproj", "{47E17CE2-CD3A-4DE1-9E95-24D8DE5192B6}"
EndProject
Project("{FAE04EC0-301F-11D3-BF4B-00C04F79EFBC}") = "MyEBookReader", "MyEBookReader\MyEBookReader.csproj", "{43E3F5F5-58B1-4BD3-ACC1-70D6B93A0D8B}"
EndProject
Project("{FAE04EC0-301F-11D3-BF4B-00C04F79EFBC}") = "PLINQDataProcessingWithCancellation", "PLINQDataProcessingWithCancellation\PLINQDataProcessingWithCancellation.csproj", "{1346941F-F41C-4E3C-B03B-F538B5B1E37D}"
EndProject
Project("{FAE04EC0-301F-11D3-BF4B-00C04F79EFBC}") = "FunWithCSharpAsync", "FunWithCSharpAsync\FunWithCSharpAsync.csproj", "{E64B0A5E-2298-4AD4-82F4-257B9D90D00D}"
EndProject
Project("{FAE04EC0-301F-11D3-BF4B-00C04F79EFBC}") = "MonitoringLib", "MonitoringLib\MonitoringLib.csproj", "{55D04A5B-0594-450A-85E2-ED65475E90D9}"
EndProject
Project("{FAE04EC0-301F-11D3-BF4B-00C04F79EFBC}") = "MonitoringApp", "MonitoringApp\MonitoringApp.csproj", "{07234B49-A5BA-426B-BC03-32E6F925AB10}"
EndProject
Project("{FAE04EC0-301F-11D3-BF4B-00C04F79EFBC}") = "WorkingWithTasks", "WorkingWithTasks\WorkingWithTasks.csproj", "{A2AA666D-D412-4AA5-9F3F-77E60018F5C8}"
EndProject
Project("{FAE04EC0-301F-11D3-BF4B-00C04F79EFBC}") = "NestedAndChildTasks", "NestedAndChildTasks\NestedAndChildTasks.csproj", "{4CECEE43-50F2-49FF-9A99-91D0A32D836E}"
EndProject
Project("{FAE04EC0-301F-11D3-BF4B-00C04F79EFBC}") = "SynchronizingResourceAccess", "SynchronizingResourceAccess\SynchronizingResourceAccess.csproj", "{E777F877-94B5-443F-89AB-489E62114FAC}"
EndProject
Global
	GlobalSection(SolutionConfigurationPlatforms) = preSolution
		Debug|Any CPU = Debug|Any CPU
		Release|Any CPU = Release|Any CPU
	EndGlobalSection
	GlobalSection(ProjectConfigurationPlatforms) = postSolution
		{DB6B643C-568D-4DFE-AF59-80EA18AC386C}.Debug|Any CPU.ActiveCfg = Debug|Any CPU
		{DB6B643C-568D-4DFE-AF59-80EA18AC386C}.Debug|Any CPU.Build.0 = Debug|Any CPU
		{DB6B643C-568D-4DFE-AF59-80EA18AC386C}.Release|Any CPU.ActiveCfg = Release|Any CPU
		{DB6B643C-568D-4DFE-AF59-80EA18AC386C}.Release|Any CPU.Build.0 = Release|Any CPU
		{F13B16BE-0670-40F4-9292-009AAAFB998C}.Debug|Any CPU.ActiveCfg = Debug|Any CPU
		{F13B16BE-0670-40F4-9292-009AAAFB998C}.Debug|Any CPU.Build.0 = Debug|Any CPU
		{F13B16BE-0670-40F4-9292-009AAAFB998C}.Release|Any CPU.ActiveCfg = Release|Any CPU
		{F13B16BE-0670-40F4-9292-009AAAFB998C}.Release|Any CPU.Build.0 = Release|Any CPU
		{26140C84-02AE-4839-937F-9292E1815064}.Debug|Any CPU.ActiveCfg = Debug|Any CPU
		{26140C84-02AE-4839-937F-9292E1815064}.Debug|Any CPU.Build.0 = Debug|Any CPU
		{26140C84-02AE-4839-937F-9292E1815064}.Release|Any CPU.ActiveCfg = Release|Any CPU
		{26140C84-02AE-4839-937F-9292E1815064}.Release|Any CPU.Build.0 = Release|Any CPU
		{DD4381B2-865D-47EF-8A04-6B2934B383E4}.Debug|Any CPU.ActiveCfg = Debug|Any CPU
		{DD4381B2-865D-47EF-8A04-6B2934B383E4}.Debug|Any CPU.Build.0 = Debug|Any CPU
		{DD4381B2-865D-47EF-8A04-6B2934B383E4}.Release|Any CPU.ActiveCfg = Release|Any CPU
		{DD4381B2-865D-47EF-8A04-6B2934B383E4}.Release|Any CPU.Build.0 = Release|Any CPU
		{1D1EE936-64AA-4B14-ACC4-15F5EEA2BF1D}.Debug|Any CPU.ActiveCfg = Debug|Any CPU
		{1D1EE936-64AA-4B14-ACC4-15F5EEA2BF1D}.Debug|Any CPU.Build.0 = Debug|Any CPU
		{1D1EE936-64AA-4B14-ACC4-15F5EEA2BF1D}.Release|Any CPU.ActiveCfg = Release|Any CPU
		{1D1EE936-64AA-4B14-ACC4-15F5EEA2BF1D}.Release|Any CPU.Build.0 = Release|Any CPU
		{47E17CE2-CD3A-4DE1-9E95-24D8DE5192B6}.Debug|Any CPU.ActiveCfg = Debug|Any CPU
		{47E17CE2-CD3A-4DE1-9E95-24D8DE5192B6}.Debug|Any CPU.Build.0 = Debug|Any CPU
		{47E17CE2-CD3A-4DE1-9E95-24D8DE5192B6}.Release|Any CPU.ActiveCfg = Release|Any CPU
		{47E17CE2-CD3A-4DE1-9E95-24D8DE5192B6}.Release|Any CPU.Build.0 = Release|Any CPU
		{43E3F5F5-58B1-4BD3-ACC1-70D6B93A0D8B}.Debug|Any CPU.ActiveCfg = Debug|Any CPU
		{43E3F5F5-58B1-4BD3-ACC1-70D6B93A0D8B}.Debug|Any CPU.Build.0 = Debug|Any CPU
		{43E3F5F5-58B1-4BD3-ACC1-70D6B93A0D8B}.Release|Any CPU.ActiveCfg = Release|Any CPU
		{43E3F5F5-58B1-4BD3-ACC1-70D6B93A0D8B}.Release|Any CPU.Build.0 = Release|Any CPU
		{1346941F-F41C-4E3C-B03B-F538B5B1E37D}.Debug|Any CPU.ActiveCfg = Debug|Any CPU
		{1346941F-F41C-4E3C-B03B-F538B5B1E37D}.Debug|Any CPU.Build.0 = Debug|Any CPU
		{1346941F-F41C-4E3C-B03B-F538B5B1E37D}.Release|Any CPU.ActiveCfg = Release|Any CPU
		{1346941F-F41C-4E3C-B03B-F538B5B1E37D}.Release|Any CPU.Build.0 = Release|Any CPU
		{E64B0A5E-2298-4AD4-82F4-257B9D90D00D}.Debug|Any CPU.ActiveCfg = Debug|Any CPU
		{E64B0A5E-2298-4AD4-82F4-257B9D90D00D}.Debug|Any CPU.Build.0 = Debug|Any CPU
		{E64B0A5E-2298-4AD4-82F4-257B9D90D00D}.Release|Any CPU.ActiveCfg = Release|Any CPU
		{E64B0A5E-2298-4AD4-82F4-257B9D90D00D}.Release|Any CPU.Build.0 = Release|Any CPU
		{55D04A5B-0594-450A-85E2-ED65475E90D9}.Debug|Any CPU.ActiveCfg = Debug|Any CPU
		{55D04A5B-0594-450A-85E2-ED65475E90D9}.Debug|Any CPU.Build.0 = Debug|Any CPU
		{55D04A5B-0594-450A-85E2-ED65475E90D9}.Release|Any CPU.ActiveCfg = Release|Any CPU
		{55D04A5B-0594-450A-85E2-ED65475E90D9}.Release|Any CPU.Build.0 = Release|Any CPU
		{07234B49-A5BA-426B-BC03-32E6F925AB10}.Debug|Any CPU.ActiveCfg = Debug|Any CPU
		{07234B49-A5BA-426B-BC03-32E6F925AB10}.Debug|Any CPU.Build.0 = Debug|Any CPU
		{07234B49-A5BA-426B-BC03-32E6F925AB10}.Release|Any CPU.ActiveCfg = Release|Any CPU
		{07234B49-A5BA-426B-BC03-32E6F925AB10}.Release|Any CPU.Build.0 = Release|Any CPU
		{A2AA666D-D412-4AA5-9F3F-77E60018F5C8}.Debug|Any CPU.ActiveCfg = Debug|Any CPU
		{A2AA666D-D412-4AA5-9F3F-77E60018F5C8}.Debug|Any CPU.Build.0 = Debug|Any CPU
		{A2AA666D-D412-4AA5-9F3F-77E60018F5C8}.Release|Any CPU.ActiveCfg = Release|Any CPU
		{A2AA666D-D412-4AA5-9F3F-77E60018F5C8}.Release|Any CPU.Build.0 = Release|Any CPU
		{4CECEE43-50F2-49FF-9A99-91D0A32D836E}.Debug|Any CPU.ActiveCfg = Debug|Any CPU
		{4CECEE43-50F2-49FF-9A99-91D0A32D836E}.Debug|Any CPU.Build.0 = Debug|Any CPU
		{4CECEE43-50F2-49FF-9A99-91D0A32D836E}.Release|Any CPU.ActiveCfg = Release|Any CPU
		{4CECEE43-50F2-49FF-9A99-91D0A32D836E}.Release|Any CPU.Build.0 = Release|Any CPU
		{E777F877-94B5-443F-89AB-489E62114FAC}.Debug|Any CPU.ActiveCfg = Debug|Any CPU
		{E777F877-94B5-443F-89AB-489E62114FAC}.Debug|Any CPU.Build.0 = Debug|Any CPU
		{E777F877-94B5-443F-89AB-489E62114FAC}.Release|Any CPU.ActiveCfg = Release|Any CPU
		{E777F877-94B5-443F-89AB-489E62114FAC}.Release|Any CPU.Build.0 = Release|Any CPU
	EndGlobalSection
EndGlobal
